id: 2012-01-10-analyzing-a-magic-item-stat-block
url: https://paizo.com/blog/analyzing-a-magic-item-stat-block
title: Analyzing a Magic Item Stat Block
author: Sean K. Reynolds
date: 2012-01-10T18:00:00Z
tags:
- Damien Mammoliti
- Pathfinder Roleplaying Game
images:
- id: 85d87822
  candidatePaths:
  - https://paizo.com/image/content/PathfinderCampaignSetting/PZO9235-Wizard_360.jpeg
  - https://paizo.com/image/content/PathfinderCampaignSetting/PZO9235-Wizard.jpg
reported: true
