id: 2018-05-18-attack-the-stat-block
url: https://paizo.com/blog/attack-the-stat-block
title: Attack the Stat Block
author: Logan Bonner
date: 2018-05-18T19:00:00Z
tags:
- Pathfinder Playtest
- Wayne Reynolds
images:
- id: 8a88a36d
  candidatePaths:
  - https://cdn.paizo.com/image/content/PathfinderRPG/20180518-Attack_360.jpeg
  - https://cdn.paizo.com/image/content/PathfinderRPG/20180518-Attack.jpg
reported: true
