id: 2007-05-23-the-new-stat-block
url: https://paizo.com/blog/the-new-stat-block
title: The New Stat Block
author: Jason Bulmahn
date: 2007-05-23T00:00:00Z
tags:
- Kobolds
- Monsters
- Pathfinder Modules
- Stat Blocks
images:
- id: 11ae077e
  candidatePaths:
  - https://paizo.com/image/product/secondary/Modules/Crown-ot-Kobold-King-P_17_2.jpg
  - https://paizo.com/image/product/secondary/Modules/Crown-ot-Kobold-King-P_17.jpg
  alt: stats!
- id: b5836a7f
  candidatePaths:
  - https://paizo.com/image/product/secondary/Modules/Crown-ot-Kobold-King-P_17_c.jpg
  alt: stats!
reported: true
