id: 2007-05-23-the-new-stat-block
url: https://paizo.com/blog/the-new-stat-block
title: The New Stat Block
author: Jason Bulmahn
date: 2007-05-22T17:00:00-07:00
tags:
- Kobolds
- Monsters
- Pathfinder Modules
- Stat Blocks
images:
- candidatePaths:
  - https://paizo.com/image/product/secondary/Modules/Crown-ot-Kobold-King-P_17_2.jpg
  - https://paizo.com/image/product/secondary/Modules/Crown-ot-Kobold-King-P_17.jpg
  alt: stats!
- candidatePaths:
  - https://paizo.com/image/product/secondary/Modules/Crown-ot-Kobold-King-P_17_c.jpg
  - https://paizo.com/image/product/secondary/Modules/Crown-ot-Kobold-King-P_17.jpg
  alt: stats!
reported: true
