id: 2008-09-29-headlock
url: https://paizo.com/blog/headlock
title: Headlock!
author: Jacob Burgess
date: 2008-09-29T07:00:00Z
tags:
- Bento Box Studios
- Osirion
- Pathfinder Modules
- Wallpapers
images:
- id: e7d3920e
  candidatePaths:
  - https://paizo.com/image/content/GameMasteryModules/PZO9516-PortalGolemBattle_360.jpeg
  - https://paizo.com/image/content/GameMasteryModules/PZO9516-PortalGolemBattle.jpg
reported: true
